
Microsoft Visual Studio Solution File, Format Version 12.00
# Visual Studio 2012
Project("{FAE04EC0-301F-11D3-BF4B-00C04F79EFBC}") = "NHibernateSample", "NHibernateSample\NHibernateSample.csproj", "{BBD7E4DB-0632-4577-8268-B30B5279559A}"
EndProject
Global
	GlobalSection(SolutionConfigurationPlatforms) = preSolution
		Debug|Any CPU = Debug|Any CPU
		Release|Any CPU = Release|Any CPU
	EndGlobalSection
	GlobalSection(ProjectConfigurationPlatforms) = postSolution
		{BBD7E4DB-0632-4577-8268-B30B5279559A}.Debug|Any CPU.ActiveCfg = Debug|Any CPU
		{BBD7E4DB-0632-4577-8268-B30B5279559A}.Debug|Any CPU.Build.0 = Debug|Any CPU
		{BBD7E4DB-0632-4577-8268-B30B5279559A}.Release|Any CPU.ActiveCfg = Release|Any CPU
		{BBD7E4DB-0632-4577-8268-B30B5279559A}.Release|Any CPU.Build.0 = Release|Any CPU
	EndGlobalSection
	GlobalSection(SolutionProperties) = preSolution
		HideSolutionNode = FALSE
	EndGlobalSection
EndGlobal
